{
  "name": "zhiwei",
  "version": "0.1.0",
  "lockfileVersion": 3,
  "requires": true,
  "packages": {
    "": {
      "name": "zhiwei",
      "version": "0.1.0",
      "license": "Apache-2.0",
      "workspaces": [
        "apps/*",
        "packages/*"
      ],
      "engines": {
        "node": ">=18"
      }
    },
    "node_modules/@zhiwei/paper-ir": {
      "resolved": "packages/paper-ir",
      "link": true
    },
    "node_modules/@zhiwei/renderer": {
      "resolved": "packages/renderer",
      "link": true
    },
    "packages/paper-ir": {
      "name": "@zhiwei/paper-ir",
      "version": "0.1.0",
      "license": "Apache-2.0"
    },
    "packages/renderer": {
      "name": "@zhiwei/renderer",
      "version": "0.1.0",
      "license": "Apache-2.0"
    }
  }
}
